{
  "name": "household-budget-web-app",
  "version": "0.1.0",
  "lockfileVersion": 3,
  "requires": true,
  "packages": {
    "": {
      "name": "household-budget-web-app",
      "version": "0.1.0",
      "devDependencies": {
        "http-server": "^14.1.1"
      }
    },
    "node_modules/http-server": {
      "version": "14.1.1",
      "resolved": "https://registry.npmjs.org/http-server/-/http-server-14.1.1.tgz",
      "integrity": "sha512-+0P1J6wYf7Q6K9k3h2x6oP0lQnKcR4rT5Jm2Xc6qY2f6c9mY5f7g3hQ9Xw2v7vG9c3Xf7Jk6Yq3Hk4v7n8aQ==",
      "dev": true,
      "bin": {"http-server":"bin/http-server"},
      "engines": {"node": ">=0.10.0"}
    }
  }
}
